// !$*UTF8*$!
{
	archiveVersion = 1;
	classes = {
	};
	objectVersion = 56;
	objects = {

/* Begin PBXBuildFile section */
		1F214CA8A4572811015BBBC8 /* Pods_ProdDashboard.framework in Frameworks */ = {isa = PBXBuildFile; fileRef = 60DF6C57689886B599F674B9 /* Pods_ProdDashboard.framework */; };
		314D2F012B35308E008B4281 /* ProdDashboardApp.swift in Sources */ = {isa = PBXBuildFile; fileRef = 314D2F002B35308E008B4281 /* ProdDashboardApp.swift */; };
		314D2F032B35308E008B4281 /* ContentView.swift in Sources */ = {isa = PBXBuildFile; fileRef = 314D2F022B35308E008B4281 /* ContentView.swift */; };
		314D2F052B35308E008B4281 /* Assets.xcassets in Resources */ = {isa = PBXBuildFile; fileRef = 314D2F042B35308E008B4281 /* Assets.xcassets */; };
		314D2F082B35308E008B4281 /* Preview Assets.xcassets in Resources */ = {isa = PBXBuildFile; fileRef = 314D2F072B35308E008B4281 /* Preview Assets.xcassets */; };
		314D2F102B353308008B4281 /* .swiftlint.yml in Resources */ = {isa = PBXBuildFile; fileRef = 314D2F0F2B353308008B4281 /* .swiftlint.yml */; };
		314D2F152B353470008B4281 /* Localizable.strings in Resources */ = {isa = PBXBuildFile; fileRef = 314D2F172B353470008B4281 /* Localizable.strings */; };
/* End PBXBuildFile section */

/* Begin PBXFileReference section */
		314D2EFD2B35308E008B4281 /* ProdDashboard.app */ = {isa = PBXFileReference; explicitFileType = wrapper.application; includeInIndex = 0; path = ProdDashboard.app; sourceTree = BUILT_PRODUCTS_DIR; };
		314D2F002B35308E008B4281 /* ProdDashboardApp.swift */ = {isa = PBXFileReference; lastKnownFileType = sourcecode.swift; path = ProdDashboardApp.swift; sourceTree = "<group>"; };
		314D2F022B35308E008B4281 /* ContentView.swift */ = {isa = PBXFileReference; lastKnownFileType = sourcecode.swift; path = ContentView.swift; sourceTree = "<group>"; };
		314D2F042B35308E008B4281 /* Assets.xcassets */ = {isa = PBXFileReference; lastKnownFileType = folder.assetcatalog; path = Assets.xcassets; sourceTree = "<group>"; };
		314D2F072B35308E008B4281 /* Preview Assets.xcassets */ = {isa = PBXFileReference; lastKnownFileType = folder.assetcatalog; path = "Preview Assets.xcassets"; sourceTree = "<group>"; };
		314D2F0F2B353308008B4281 /* .swiftlint.yml */ = {isa = PBXFileReference; lastKnownFileType = text.yaml; path = .swiftlint.yml; sourceTree = "<group>"; };
		314D2F162B353470008B4281 /* en */ = {isa = PBXFileReference; lastKnownFileType = text.plist.strings; name = en; path = en.lproj/Localizable.strings; sourceTree = "<group>"; };
		314D2F182B35349B008B4281 /* es */ = {isa = PBXFileReference; lastKnownFileType = text.plist.strings; name = es; path = es.lproj/Localizable.strings; sourceTree = "<group>"; };
		60DF6C57689886B599F674B9 /* Pods_ProdDashboard.framework */ = {isa = PBXFileReference; explicitFileType = wrapper.framework; includeInIndex = 0; path = Pods_ProdDashboard.framework; sourceTree = BUILT_PRODUCTS_DIR; };
		B720F694C42BE6ED43A379D0 /* Pods-ProdDashboard.release.xcconfig */ = {isa = PBXFileReference; includeInIndex = 1; lastKnownFileType = text.xcconfig; name = "Pods-ProdDashboard.release.xcconfig"; path = "Target Support Files/Pods-ProdDashboard/Pods-ProdDashboard.release.xcconfig"; sourceTree = "<group>"; };
		C5A91E2B2AB39743184B0F8E /* Pods-ProdDashboard.debug.xcconfig */ = {isa = PBXFileReference; includeInIndex = 1; lastKnownFileType = text.xcconfig; name = "Pods-ProdDashboard.debug.xcconfig"; path = "Target Support Files/Pods-ProdDashboard/Pods-ProdDashboard.debug.xcconfig"; sourceTree = "<group>"; };
/* End PBXFileReference section */

/* Begin PBXFrameworksBuildPhase section */
		314D2EFA2B35308E008B4281 /* Frameworks */ = {
			isa = PBXFrameworksBuildPhase;
			buildActionMask = 2147483647;
			files = (
				1F214CA8A4572811015BBBC8 /* Pods_ProdDashboard.framework in Frameworks */,
			);
			runOnlyForDeploymentPostprocessing = 0;
		};
/* End PBXFrameworksBuildPhase section */

/* Begin PBXGroup section */
		1BA33430EE27C07612D7B73F /* Pods */ = {
			isa = PBXGroup;
			children = (
				C5A91E2B2AB39743184B0F8E /* Pods-ProdDashboard.debug.xcconfig */,
				B720F694C42BE6ED43A379D0 /* Pods-ProdDashboard.release.xcconfig */,
			);
			path = Pods;
			sourceTree = "<group>";
		};
		314D2EF42B35308E008B4281 = {
			isa = PBXGroup;
			children = (
				314D2EFF2B35308E008B4281 /* ProdDashboard */,
				314D2EFE2B35308E008B4281 /* Products */,
				1BA33430EE27C07612D7B73F /* Pods */,
				7491B0B1EDA6092414EB4A63 /* Frameworks */,
			);
			sourceTree = "<group>";
		};
		314D2EFE2B35308E008B4281 /* Products */ = {
			isa = PBXGroup;
			children = (
				314D2EFD2B35308E008B4281 /* ProdDashboard.app */,
			);
			name = Products;
			sourceTree = "<group>";
		};
		314D2EFF2B35308E008B4281 /* ProdDashboard */ = {
			isa = PBXGroup;
			children = (
				314D2F112B3533FA008B4281 /* SupportingFiles */,
				314D2F002B35308E008B4281 /* ProdDashboardApp.swift */,
				314D2F022B35308E008B4281 /* ContentView.swift */,
				314D2F042B35308E008B4281 /* Assets.xcassets */,
				314D2F062B35308E008B4281 /* Preview Content */,
				314D2F0F2B353308008B4281 /* .swiftlint.yml */,
			);
			path = ProdDashboard;
			sourceTree = "<group>";
		};
		314D2F062B35308E008B4281 /* Preview Content */ = {
			isa = PBXGroup;
			children = (
				314D2F072B35308E008B4281 /* Preview Assets.xcassets */,
			);
			path = "Preview Content";
			sourceTree = "<group>";
		};
		314D2F112B3533FA008B4281 /* SupportingFiles */ = {
			isa = PBXGroup;
			children = (
				314D2F122B353405008B4281 /* Localization */,
			);
			path = SupportingFiles;
			sourceTree = "<group>";
		};
		314D2F122B353405008B4281 /* Localization */ = {
			isa = PBXGroup;
			children = (
				314D2F172B353470008B4281 /* Localizable.strings */,
			);
			path = Localization;
			sourceTree = "<group>";
		};
		7491B0B1EDA6092414EB4A63 /* Frameworks */ = {
			isa = PBXGroup;
			children = (
				60DF6C57689886B599F674B9 /* Pods_ProdDashboard.framework */,
			);
			name = Frameworks;
			sourceTree = "<group>";
		};
/* End PBXGroup section */

/* Begin PBXNativeTarget section */
		314D2EFC2B35308E008B4281 /* ProdDashboard */ = {
			isa = PBXNativeTarget;
			buildConfigurationList = 314D2F0B2B35308E008B4281 /* Build configuration list for PBXNativeTarget "ProdDashboard" */;
			buildPhases = (
				AF6F6D3A27E7A4B30D9136AB /* [CP] Check Pods Manifest.lock */,
				314D2EF92B35308E008B4281 /* Sources */,
				314D2EFA2B35308E008B4281 /* Frameworks */,
				314D2EFB2B35308E008B4281 /* Resources */,
				314D2F0E2B3530EF008B4281 /* SwiftLint */,
			);
			buildRules = (
			);
			dependencies = (
			);
			name = ProdDashboard;
			productName = ProdDashboard;
			productReference = 314D2EFD2B35308E008B4281 /* ProdDashboard.app */;
			productType = "com.apple.product-type.application";
		};
/* End PBXNativeTarget section */

/* Begin PBXProject section */
		314D2EF52B35308E008B4281 /* Project object */ = {
			isa = PBXProject;
			attributes = {
				BuildIndependentTargetsInParallel = 1;
				LastSwiftUpdateCheck = 1510;
				LastUpgradeCheck = 1510;
				TargetAttributes = {
					314D2EFC2B35308E008B4281 = {
						CreatedOnToolsVersion = 15.1;
					};
				};
			};
			buildConfigurationList = 314D2EF82B35308E008B4281 /* Build configuration list for PBXProject "ProdDashboard" */;
			compatibilityVersion = "Xcode 14.0";
			developmentRegion = en;
			hasScannedForEncodings = 0;
			knownRegions = (
				en,
				Base,
				es,
			);
			mainGroup = 314D2EF42B35308E008B4281;
			productRefGroup = 314D2EFE2B35308E008B4281 /* Products */;
			projectDirPath = "";
			projectRoot = "";
			targets = (
				314D2EFC2B35308E008B4281 /* ProdDashboard */,
			);
		};
/* End PBXProject section */

/* Begin PBXResourcesBuildPhase section */
		314D2EFB2B35308E008B4281 /* Resources */ = {
			isa = PBXResourcesBuildPhase;
			buildActionMask = 2147483647;
			files = (
				314D2F102B353308008B4281 /* .swiftlint.yml in Resources */,
				314D2F152B353470008B4281 /* Localizable.strings in Resources */,
				314D2F082B35308E008B4281 /* Preview Assets.xcassets in Resources */,
				314D2F052B35308E008B4281 /* Assets.xcassets in Resources */,
			);
			runOnlyForDeploymentPostprocessing = 0;
		};
/* End PBXResourcesBuildPhase section */

/* Begin PBXShellScriptBuildPhase section */
		314D2F0E2B3530EF008B4281 /* SwiftLint */ = {
			isa = PBXShellScriptBuildPhase;
			buildActionMask = 2147483647;
			files = (
			);
			inputFileListPaths = (
			);
			inputPaths = (
			);
			name = SwiftLint;
			outputFileListPaths = (
			);
			outputPaths = (
			);
			runOnlyForDeploymentPostprocessing = 0;
			shellPath = /bin/sh;
			shellScript = "\"${PODS_ROOT}/SwiftLint/swiftlint\"\n";
		};
		AF6F6D3A27E7A4B30D9136AB /* [CP] Check Pods Manifest.lock */ = {
			isa = PBXShellScriptBuildPhase;
			buildActionMask = 2147483647;
			files = (
			);
			inputFileListPaths = (
			);
			inputPaths = (
				"${PODS_PODFILE_DIR_PATH}/Podfile.lock",
				"${PODS_ROOT}/Manifest.lock",
			);
			name = "[CP] Check Pods Manifest.lock";
			outputFileListPaths = (
			);
			outputPaths = (
				"$(DERIVED_FILE_DIR)/Pods-ProdDashboard-checkManifestLockResult.txt",
			);
			runOnlyForDeploymentPostprocessing = 0;
			shellPath = /bin/sh;
			shellScript = "diff \"${PODS_PODFILE_DIR_PATH}/Podfile.lock\" \"${PODS_ROOT}/Manifest.lock\" > /dev/null\nif [ $? != 0 ] ; then\n    # print error to STDERR\n    echo \"error: The sandbox is not in sync with the Podfile.lock. Run 'pod install' or update your CocoaPods installation.\" >&2\n    exit 1\nfi\n# This output is used by Xcode 'outputs' to avoid re-running this script phase.\necho \"SUCCESS\" > \"${SCRIPT_OUTPUT_FILE_0}\"\n";
			showEnvVarsInLog = 0;
		};
/* End PBXShellScriptBuildPhase section */

/* Begin PBXSourcesBuildPhase section */
		314D2EF92B35308E008B4281 /* Sources */ = {
			isa = PBXSourcesBuildPhase;
			buildActionMask = 2147483647;
			files = (
				314D2F032B35308E008B4281 /* ContentView.swift in Sources */,
				314D2F012B35308E008B4281 /* ProdDashboardApp.swift in Sources */,
			);
			runOnlyForDeploymentPostprocessing = 0;
		};
/* End PBXSourcesBuildPhase section */

/* Begin PBXVariantGroup section */
		314D2F172B353470008B4281 /* Localizable.strings */ = {
			isa = PBXVariantGroup;
			children = (
				314D2F162B353470008B4281 /* en */,
				314D2F182B35349B008B4281 /* es */,
			);
			name = Localizable.strings;
			sourceTree = "<group>";
		};
/* End PBXVariantGroup section */

/* Begin XCBuildConfiguration section */
		314D2F092B35308E008B4281 /* Debug */ = {
			isa = XCBuildConfiguration;
			buildSettings = {
				ALWAYS_SEARCH_USER_PATHS = NO;
				ASSETCATALOG_COMPILER_GENERATE_SWIFT_ASSET_SYMBOL_EXTENSIONS = YES;
				CLANG_ANALYZER_LOCALIZABILITY_NONLOCALIZED = YES;
				CLANG_ANALYZER_NONNULL = YES;
				CLANG_ANALYZER_NUMBER_OBJECT_CONVERSION = YES_AGGRESSIVE;
				CLANG_CXX_LANGUAGE_STANDARD = "gnu++20";
				CLANG_ENABLE_MODULES = YES;
				CLANG_ENABLE_OBJC_ARC = YES;
				CLANG_ENABLE_OBJC_WEAK = YES;
				CLANG_WARN_BLOCK_CAPTURE_AUTORELEASING = YES;
				CLANG_WARN_BOOL_CONVERSION = YES;
				CLANG_WARN_COMMA = YES;
				CLANG_WARN_CONSTANT_CONVERSION = YES;
				CLANG_WARN_DEPRECATED_OBJC_IMPLEMENTATIONS = YES;
				CLANG_WARN_DIRECT_OBJC_ISA_USAGE = YES_ERROR;
				CLANG_WARN_DOCUMENTATION_COMMENTS = YES;
				CLANG_WARN_EMPTY_BODY = YES;
				CLANG_WARN_ENUM_CONVERSION = YES;
				CLANG_WARN_INFINITE_RECURSION = YES;
				CLANG_WARN_INT_CONVERSION = YES;
				CLANG_WARN_NON_LITERAL_NULL_CONVERSION = YES;
				CLANG_WARN_OBJC_IMPLICIT_RETAIN_SELF = YES;
				CLANG_WARN_OBJC_LITERAL_CONVERSION = YES;
				CLANG_WARN_OBJC_ROOT_CLASS = YES_ERROR;
				CLANG_WARN_QUOTED_INCLUDE_IN_FRAMEWORK_HEADER = YES;
				CLANG_WARN_RANGE_LOOP_ANALYSIS = YES;
				CLANG_WARN_STRICT_PROTOTYPES = YES;
				CLANG_WARN_SUSPICIOUS_MOVE = YES;
				CLANG_WARN_UNGUARDED_AVAILABILITY = YES_AGGRESSIVE;
				CLANG_WARN_UNREACHABLE_CODE = YES;
				CLANG_WARN__DUPLICATE_METHOD_MATCH = YES;
				COPY_PHASE_STRIP = NO;
				DEBUG_INFORMATION_FORMAT = dwarf;
				ENABLE_STRICT_OBJC_MSGSEND = YES;
				ENABLE_TESTABILITY = YES;
				ENABLE_USER_SCRIPT_SANDBOXING = YES;
				GCC_C_LANGUAGE_STANDARD = gnu17;
				GCC_DYNAMIC_NO_PIC = NO;
				GCC_NO_COMMON_BLOCKS = YES;
				GCC_OPTIMIZATION_LEVEL = 0;
				GCC_PREPROCESSOR_DEFINITIONS = (
					"DEBUG=1",
					"$(inherited)",
				);
				GCC_WARN_64_TO_32_BIT_CONVERSION = YES;
				GCC_WARN_ABOUT_RETURN_TYPE = YES_ERROR;
				GCC_WARN_UNDECLARED_SELECTOR = YES;
				GCC_WARN_UNINITIALIZED_AUTOS = YES_AGGRESSIVE;
				GCC_WARN_UNUSED_FUNCTION = YES;
				GCC_WARN_UNUSED_VARIABLE = YES;
				IPHONEOS_DEPLOYMENT_TARGET = 17.2;
				LOCALIZATION_PREFERS_STRING_CATALOGS = YES;
				MTL_ENABLE_DEBUG_INFO = INCLUDE_SOURCE;
				MTL_FAST_MATH = YES;
				ONLY_ACTIVE_ARCH = YES;
				SDKROOT = iphoneos;
				SWIFT_ACTIVE_COMPILATION_CONDITIONS = "DEBUG $(inherited)";
				SWIFT_OPTIMIZATION_LEVEL = "-Onone";
			};
			name = Debug;
		};
		314D2F0A2B35308E008B4281 /* Release */ = {
			isa = XCBuildConfiguration;
			buildSettings = {
				ALWAYS_SEARCH_USER_PATHS = NO;
				ASSETCATALOG_COMPILER_GENERATE_SWIFT_ASSET_SYMBOL_EXTENSIONS = YES;
				CLANG_ANALYZER_LOCALIZABILITY_NONLOCALIZED = YES;
				CLANG_ANALYZER_NONNULL = YES;
				CLANG_ANALYZER_NUMBER_OBJECT_CONVERSION = YES_AGGRESSIVE;
				CLANG_CXX_LANGUAGE_STANDARD = "gnu++20";
				CLANG_ENABLE_MODULES = YES;
				CLANG_ENABLE_OBJC_ARC = YES;
				CLANG_ENABLE_OBJC_WEAK = YES;
				CLANG_WARN_BLOCK_CAPTURE_AUTORELEASING = YES;
				CLANG_WARN_BOOL_CONVERSION = YES;
				CLANG_WARN_COMMA = YES;
				CLANG_WARN_CONSTANT_CONVERSION = YES;
				CLANG_WARN_DEPRECATED_OBJC_IMPLEMENTATIONS = YES;
				CLANG_WARN_DIRECT_OBJC_ISA_USAGE = YES_ERROR;
				CLANG_WARN_DOCUMENTATION_COMMENTS = YES;
				CLANG_WARN_EMPTY_BODY = YES;
				CLANG_WARN_ENUM_CONVERSION = YES;
				CLANG_WARN_INFINITE_RECURSION = YES;
				CLANG_WARN_INT_CONVERSION = YES;
				CLANG_WARN_NON_LITERAL_NULL_CONVERSION = YES;
				CLANG_WARN_OBJC_IMPLICIT_RETAIN_SELF = YES;
				CLANG_WARN_OBJC_LITERAL_CONVERSION = YES;
				CLANG_WARN_OBJC_ROOT_CLASS = YES_ERROR;
				CLANG_WARN_QUOTED_INCLUDE_IN_FRAMEWORK_HEADER = YES;
				CLANG_WARN_RANGE_LOOP_ANALYSIS = YES;
				CLANG_WARN_STRICT_PROTOTYPES = YES;
				CLANG_WARN_SUSPICIOUS_MOVE = YES;
				CLANG_WARN_UNGUARDED_AVAILABILITY = YES_AGGRESSIVE;
				CLANG_WARN_UNREACHABLE_CODE = YES;
				CLANG_WARN__DUPLICATE_METHOD_MATCH = YES;
				COPY_PHASE_STRIP = NO;
				DEBUG_INFORMATION_FORMAT = "dwarf-with-dsym";
				ENABLE_NS_ASSERTIONS = NO;
				ENABLE_STRICT_OBJC_MSGSEND = YES;
				ENABLE_USER_SCRIPT_SANDBOXING = YES;
				GCC_C_LANGUAGE_STANDARD = gnu17;
				GCC_NO_COMMON_BLOCKS = YES;
				GCC_WARN_64_TO_32_BIT_CONVERSION = YES;
				GCC_WARN_ABOUT_RETURN_TYPE = YES_ERROR;
				GCC_WARN_UNDECLARED_SELECTOR = YES;
				GCC_WARN_UNINITIALIZED_AUTOS = YES_AGGRESSIVE;
				GCC_WARN_UNUSED_FUNCTION = YES;
				GCC_WARN_UNUSED_VARIABLE = YES;
				IPHONEOS_DEPLOYMENT_TARGET = 17.2;
				LOCALIZATION_PREFERS_STRING_CATALOGS = YES;
				MTL_ENABLE_DEBUG_INFO = NO;
				MTL_FAST_MATH = YES;
				SDKROOT = iphoneos;
				SWIFT_COMPILATION_MODE = wholemodule;
				VALIDATE_PRODUCT = YES;
			};
			name = Release;
		};
		314D2F0C2B35308E008B4281 /* Debug */ = {
			isa = XCBuildConfiguration;
			baseConfigurationReference = C5A91E2B2AB39743184B0F8E /* Pods-ProdDashboard.debug.xcconfig */;
			buildSettings = {
				ASSETCATALOG_COMPILER_APPICON_NAME = AppIcon;
				ASSETCATALOG_COMPILER_GLOBAL_ACCENT_COLOR_NAME = AccentColor;
				CODE_SIGN_STYLE = Automatic;
				CURRENT_PROJECT_VERSION = 1;
				DEVELOPMENT_ASSET_PATHS = "\"ProdDashboard/Preview Content\"";
				ENABLE_PREVIEWS = YES;
				ENABLE_USER_SCRIPT_SANDBOXING = NO;
				GENERATE_INFOPLIST_FILE = YES;
				INFOPLIST_KEY_UIApplicationSceneManifest_Generation = YES;
				INFOPLIST_KEY_UIApplicationSupportsIndirectInputEvents = YES;
				INFOPLIST_KEY_UILaunchScreen_Generation = YES;
				INFOPLIST_KEY_UISupportedInterfaceOrientations_iPad = "UIInterfaceOrientationPortrait UIInterfaceOrientationPortraitUpsideDown UIInterfaceOrientationLandscapeLeft UIInterfaceOrientationLandscapeRight";
				INFOPLIST_KEY_UISupportedInterfaceOrientations_iPhone = "UIInterfaceOrientationPortrait UIInterfaceOrientationLandscapeLeft UIInterfaceOrientationLandscapeRight";
				IPHONEOS_DEPLOYMENT_TARGET = 16.1;
				LD_RUNPATH_SEARCH_PATHS = (
					"$(inherited)",
					"@executable_path/Frameworks",
				);
				MARKETING_VERSION = 1.0;
				PRODUCT_BUNDLE_IDENTIFIER = christopolydorou.ProdDashboard;
				PRODUCT_NAME = "$(TARGET_NAME)";
				SWIFT_EMIT_LOC_STRINGS = YES;
				SWIFT_VERSION = 5.0;
				TARGETED_DEVICE_FAMILY = "1,2";
			};
			name = Debug;
		};
		314D2F0D2B35308E008B4281 /* Release */ = {
			isa = XCBuildConfiguration;
			baseConfigurationReference = B720F694C42BE6ED43A379D0 /* Pods-ProdDashboard.release.xcconfig */;
			buildSettings = {
				ASSETCATALOG_COMPILER_APPICON_NAME = AppIcon;
				ASSETCATALOG_COMPILER_GLOBAL_ACCENT_COLOR_NAME = AccentColor;
				CODE_SIGN_STYLE = Automatic;
				CURRENT_PROJECT_VERSION = 1;
				DEVELOPMENT_ASSET_PATHS = "\"ProdDashboard/Preview Content\"";
				ENABLE_PREVIEWS = YES;
				ENABLE_USER_SCRIPT_SANDBOXING = NO;
				GENERATE_INFOPLIST_FILE = YES;
				INFOPLIST_KEY_UIApplicationSceneManifest_Generation = YES;
				INFOPLIST_KEY_UIApplicationSupportsIndirectInputEvents = YES;
				INFOPLIST_KEY_UILaunchScreen_Generation = YES;
				INFOPLIST_KEY_UISupportedInterfaceOrientations_iPad = "UIInterfaceOrientationPortrait UIInterfaceOrientationPortraitUpsideDown UIInterfaceOrientationLandscapeLeft UIInterfaceOrientationLandscapeRight";
				INFOPLIST_KEY_UISupportedInterfaceOrientations_iPhone = "UIInterfaceOrientationPortrait UIInterfaceOrientationLandscapeLeft UIInterfaceOrientationLandscapeRight";
				IPHONEOS_DEPLOYMENT_TARGET = 16.1;
				LD_RUNPATH_SEARCH_PATHS = (
					"$(inherited)",
					"@executable_path/Frameworks",
				);
				MARKETING_VERSION = 1.0;
				PRODUCT_BUNDLE_IDENTIFIER = christopolydorou.ProdDashboard;
				PRODUCT_NAME = "$(TARGET_NAME)";
				SWIFT_EMIT_LOC_STRINGS = YES;
				SWIFT_VERSION = 5.0;
				TARGETED_DEVICE_FAMILY = "1,2";
			};
			name = Release;
		};
/* End XCBuildConfiguration section */

/* Begin XCConfigurationList section */
		314D2EF82B35308E008B4281 /* Build configuration list for PBXProject "ProdDashboard" */ = {
			isa = XCConfigurationList;
			buildConfigurations = (
				314D2F092B35308E008B4281 /* Debug */,
				314D2F0A2B35308E008B4281 /* Release */,
			);
			defaultConfigurationIsVisible = 0;
			defaultConfigurationName = Release;
		};
		314D2F0B2B35308E008B4281 /* Build configuration list for PBXNativeTarget "ProdDashboard" */ = {
			isa = XCConfigurationList;
			buildConfigurations = (
				314D2F0C2B35308E008B4281 /* Debug */,
				314D2F0D2B35308E008B4281 /* Release */,
			);
			defaultConfigurationIsVisible = 0;
			defaultConfigurationName = Release;
		};
/* End XCConfigurationList section */
	};
	rootObject = 314D2EF52B35308E008B4281 /* Project object */;
}
