// !$*UTF8*$!
{
	archiveVersion = 1;
	classes = {
	};
	objectVersion = 56;
	objects = {

/* Begin PBXBuildFile section */
		1F214CA8A4572811015BBBC8 /* Pods_ProdDashboard.framework in Frameworks */ = {isa = PBXBuildFile; fileRef = 60DF6C57689886B599F674B9 /* Pods_ProdDashboard.framework */; };
		311363F92B5E104900559799 /* extensions.swift in Sources */ = {isa = PBXBuildFile; fileRef = 311363F82B5E104900559799 /* extensions.swift */; };
		311363FB2B5E149600559799 /* Media.xcassets in Resources */ = {isa = PBXBuildFile; fileRef = 311363FA2B5E149600559799 /* Media.xcassets */; };
		314D2F012B35308E008B4281 /* ProdDashboardApp.swift in Sources */ = {isa = PBXBuildFile; fileRef = 314D2F002B35308E008B4281 /* ProdDashboardApp.swift */; };
		314D2F032B35308E008B4281 /* ContentView.swift in Sources */ = {isa = PBXBuildFile; fileRef = 314D2F022B35308E008B4281 /* ContentView.swift */; };
		314D2F052B35308E008B4281 /* Assets.xcassets in Resources */ = {isa = PBXBuildFile; fileRef = 314D2F042B35308E008B4281 /* Assets.xcassets */; };
		314D2F082B35308E008B4281 /* Preview Assets.xcassets in Resources */ = {isa = PBXBuildFile; fileRef = 314D2F072B35308E008B4281 /* Preview Assets.xcassets */; };
		314D2F102B353308008B4281 /* .swiftlint.yml in Resources */ = {isa = PBXBuildFile; fileRef = 314D2F0F2B353308008B4281 /* .swiftlint.yml */; };
		314D2F152B353470008B4281 /* Localizable.strings in Resources */ = {isa = PBXBuildFile; fileRef = 314D2F172B353470008B4281 /* Localizable.strings */; };
		31CCD6D72B5C58420001616D /* TaskModel.xcdatamodeld in Sources */ = {isa = PBXBuildFile; fileRef = 31CCD6D52B5C58420001616D /* TaskModel.xcdatamodeld */; };
		31CCD6D92B5C5CD80001616D /* DataController.swift in Sources */ = {isa = PBXBuildFile; fileRef = 31CCD6D82B5C5CD80001616D /* DataController.swift */; };
		31CCD7002B5C932D0001616D /* LoginView.swift in Sources */ = {isa = PBXBuildFile; fileRef = 31CCD6FF2B5C932D0001616D /* LoginView.swift */; };
		31CCD7022B5C94920001616D /* EditTaskView.swift in Sources */ = {isa = PBXBuildFile; fileRef = 31CCD7012B5C94920001616D /* EditTaskView.swift */; };
		31CCD7042B5C95C00001616D /* AddTaskView.swift in Sources */ = {isa = PBXBuildFile; fileRef = 31CCD7032B5C95C00001616D /* AddTaskView.swift */; };
		55B42F412B72B373007C3334 /* DateScrollerView.swift in Sources */ = {isa = PBXBuildFile; fileRef = 55B42F402B72B372007C3334 /* DateScrollerView.swift */; };
		55B42F442B72B3A9007C3334 /* CalendarCell.swift in Sources */ = {isa = PBXBuildFile; fileRef = 55B42F422B72B3A9007C3334 /* CalendarCell.swift */; };
		55B42F452B72B3A9007C3334 /* CalendarHelper.swift in Sources */ = {isa = PBXBuildFile; fileRef = 55B42F432B72B3A9007C3334 /* CalendarHelper.swift */; };
		55B42F472B72B3E7007C3334 /* Dateholder.swift in Sources */ = {isa = PBXBuildFile; fileRef = 55B42F462B72B3E6007C3334 /* Dateholder.swift */; };
		55B42F492B72B3EE007C3334 /* MonthStruct.swift in Sources */ = {isa = PBXBuildFile; fileRef = 55B42F482B72B3EE007C3334 /* MonthStruct.swift */; };
		55E15D602B7467CC00C05363 /* DayView.swift in Sources */ = {isa = PBXBuildFile; fileRef = 55E15D5F2B7467CC00C05363 /* DayView.swift */; };
		682113D02B70268A002EC834 /* SettingsView.swift in Sources */ = {isa = PBXBuildFile; fileRef = 682113CF2B70268A002EC834 /* SettingsView.swift */; };
/* End PBXBuildFile section */

/* Begin PBXFileReference section */
		311363F82B5E104900559799 /* extensions.swift */ = {isa = PBXFileReference; lastKnownFileType = sourcecode.swift; path = extensions.swift; sourceTree = "<group>"; };
		311363FA2B5E149600559799 /* Media.xcassets */ = {isa = PBXFileReference; lastKnownFileType = folder.assetcatalog; path = Media.xcassets; sourceTree = "<group>"; };
		314D2EFD2B35308E008B4281 /* ProdDashboard.app */ = {isa = PBXFileReference; explicitFileType = wrapper.application; includeInIndex = 0; path = ProdDashboard.app; sourceTree = BUILT_PRODUCTS_DIR; };
		314D2F002B35308E008B4281 /* ProdDashboardApp.swift */ = {isa = PBXFileReference; lastKnownFileType = sourcecode.swift; path = ProdDashboardApp.swift; sourceTree = "<group>"; };
		314D2F022B35308E008B4281 /* ContentView.swift */ = {isa = PBXFileReference; lastKnownFileType = sourcecode.swift; path = ContentView.swift; sourceTree = "<group>"; };
		314D2F042B35308E008B4281 /* Assets.xcassets */ = {isa = PBXFileReference; lastKnownFileType = folder.assetcatalog; path = Assets.xcassets; sourceTree = "<group>"; };
		314D2F072B35308E008B4281 /* Preview Assets.xcassets */ = {isa = PBXFileReference; lastKnownFileType = folder.assetcatalog; path = "Preview Assets.xcassets"; sourceTree = "<group>"; };
		314D2F0F2B353308008B4281 /* .swiftlint.yml */ = {isa = PBXFileReference; lastKnownFileType = text.yaml; path = .swiftlint.yml; sourceTree = "<group>"; };
		314D2F162B353470008B4281 /* en */ = {isa = PBXFileReference; lastKnownFileType = text.plist.strings; name = en; path = en.lproj/Localizable.strings; sourceTree = "<group>"; };
		314D2F182B35349B008B4281 /* es */ = {isa = PBXFileReference; lastKnownFileType = text.plist.strings; name = es; path = es.lproj/Localizable.strings; sourceTree = "<group>"; };
		31CCD6D62B5C58420001616D /* TaskModel.xcdatamodel */ = {isa = PBXFileReference; lastKnownFileType = wrapper.xcdatamodel; path = TaskModel.xcdatamodel; sourceTree = "<group>"; };
		31CCD6D82B5C5CD80001616D /* DataController.swift */ = {isa = PBXFileReference; lastKnownFileType = sourcecode.swift; path = DataController.swift; sourceTree = "<group>"; };
		31CCD6FF2B5C932D0001616D /* LoginView.swift */ = {isa = PBXFileReference; lastKnownFileType = sourcecode.swift; path = LoginView.swift; sourceTree = "<group>"; };
		31CCD7012B5C94920001616D /* EditTaskView.swift */ = {isa = PBXFileReference; lastKnownFileType = sourcecode.swift; path = EditTaskView.swift; sourceTree = "<group>"; };
		31CCD7032B5C95C00001616D /* AddTaskView.swift */ = {isa = PBXFileReference; lastKnownFileType = sourcecode.swift; path = AddTaskView.swift; sourceTree = "<group>"; };
		55B42F402B72B372007C3334 /* DateScrollerView.swift */ = {isa = PBXFileReference; fileEncoding = 4; lastKnownFileType = sourcecode.swift; name = DateScrollerView.swift; path = "ProdDashboard/Code/Features/Calendar - Month/Views/DateScrollerView.swift"; sourceTree = SOURCE_ROOT; };
		55B42F422B72B3A9007C3334 /* CalendarCell.swift */ = {isa = PBXFileReference; fileEncoding = 4; lastKnownFileType = sourcecode.swift; path = CalendarCell.swift; sourceTree = "<group>"; };
		55B42F432B72B3A9007C3334 /* CalendarHelper.swift */ = {isa = PBXFileReference; fileEncoding = 4; lastKnownFileType = sourcecode.swift; path = CalendarHelper.swift; sourceTree = "<group>"; };
		55B42F462B72B3E6007C3334 /* Dateholder.swift */ = {isa = PBXFileReference; fileEncoding = 4; lastKnownFileType = sourcecode.swift; name = Dateholder.swift; path = ../../../../../../../winterTerm/ProdDashboard2/ProdDashboard/Code/Features/Root/Dateholder.swift; sourceTree = "<group>"; };
		55B42F482B72B3EE007C3334 /* MonthStruct.swift */ = {isa = PBXFileReference; fileEncoding = 4; lastKnownFileType = sourcecode.swift; name = MonthStruct.swift; path = ../../../../../../../winterTerm/ProdDashboard2/ProdDashboard/Code/Features/Root/MonthStruct.swift; sourceTree = "<group>"; };
		55E15D5F2B7467CC00C05363 /* DayView.swift */ = {isa = PBXFileReference; lastKnownFileType = sourcecode.swift; path = DayView.swift; sourceTree = "<group>"; };
		60DF6C57689886B599F674B9 /* Pods_ProdDashboard.framework */ = {isa = PBXFileReference; explicitFileType = wrapper.framework; includeInIndex = 0; path = Pods_ProdDashboard.framework; sourceTree = BUILT_PRODUCTS_DIR; };
		682113CF2B70268A002EC834 /* SettingsView.swift */ = {isa = PBXFileReference; lastKnownFileType = sourcecode.swift; path = SettingsView.swift; sourceTree = "<group>"; };
		B720F694C42BE6ED43A379D0 /* Pods-ProdDashboard.release.xcconfig */ = {isa = PBXFileReference; includeInIndex = 1; lastKnownFileType = text.xcconfig; name = "Pods-ProdDashboard.release.xcconfig"; path = "Target Support Files/Pods-ProdDashboard/Pods-ProdDashboard.release.xcconfig"; sourceTree = "<group>"; };
		C5A91E2B2AB39743184B0F8E /* Pods-ProdDashboard.debug.xcconfig */ = {isa = PBXFileReference; includeInIndex = 1; lastKnownFileType = text.xcconfig; name = "Pods-ProdDashboard.debug.xcconfig"; path = "Target Support Files/Pods-ProdDashboard/Pods-ProdDashboard.debug.xcconfig"; sourceTree = "<group>"; };
/* End PBXFileReference section */

/* Begin PBXFrameworksBuildPhase section */
		314D2EFA2B35308E008B4281 /* Frameworks */ = {
			isa = PBXFrameworksBuildPhase;
			buildActionMask = 2147483647;
			files = (
				1F214CA8A4572811015BBBC8 /* Pods_ProdDashboard.framework in Frameworks */,
			);
			runOnlyForDeploymentPostprocessing = 0;
		};
/* End PBXFrameworksBuildPhase section */

/* Begin PBXGroup section */
		1BA33430EE27C07612D7B73F /* Pods */ = {
			isa = PBXGroup;
			children = (
				C5A91E2B2AB39743184B0F8E /* Pods-ProdDashboard.debug.xcconfig */,
				B720F694C42BE6ED43A379D0 /* Pods-ProdDashboard.release.xcconfig */,
			);
			path = Pods;
			sourceTree = "<group>";
		};
		314D2EF42B35308E008B4281 = {
			isa = PBXGroup;
			children = (
				314D2EFF2B35308E008B4281 /* ProdDashboard */,
				314D2EFE2B35308E008B4281 /* Products */,
				1BA33430EE27C07612D7B73F /* Pods */,
				7491B0B1EDA6092414EB4A63 /* Frameworks */,
			);
			sourceTree = "<group>";
		};
		314D2EFE2B35308E008B4281 /* Products */ = {
			isa = PBXGroup;
			children = (
				314D2EFD2B35308E008B4281 /* ProdDashboard.app */,
			);
			name = Products;
			sourceTree = "<group>";
		};
		314D2EFF2B35308E008B4281 /* ProdDashboard */ = {
			isa = PBXGroup;
			children = (
				314D2F0F2B353308008B4281 /* .swiftlint.yml */,
				314D2F002B35308E008B4281 /* ProdDashboardApp.swift */,
				DD18CF202B573ABF00CF3F82 /* Code */,
				DD18CF1F2B573ABC00CF3F82 /* Config */,
				DD18CF1D2B573AAF00CF3F82 /* Resources */,
				314D2F112B3533FA008B4281 /* SupportingFiles */,
				314D2F062B35308E008B4281 /* Preview Content */,
			);
			path = ProdDashboard;
			sourceTree = "<group>";
		};
		314D2F062B35308E008B4281 /* Preview Content */ = {
			isa = PBXGroup;
			children = (
				314D2F072B35308E008B4281 /* Preview Assets.xcassets */,
			);
			path = "Preview Content";
			sourceTree = "<group>";
		};
		314D2F112B3533FA008B4281 /* SupportingFiles */ = {
			isa = PBXGroup;
			children = (
				314D2F122B353405008B4281 /* Localization */,
			);
			path = SupportingFiles;
			sourceTree = "<group>";
		};
		314D2F122B353405008B4281 /* Localization */ = {
			isa = PBXGroup;
			children = (
				314D2F172B353470008B4281 /* Localizable.strings */,
			);
			path = Localization;
			sourceTree = "<group>";
		};
		31CCD6D42B5C58210001616D /* DataModel */ = {
			isa = PBXGroup;
			children = (
				31CCD6D52B5C58420001616D /* TaskModel.xcdatamodeld */,
				31CCD6D82B5C5CD80001616D /* DataController.swift */,
			);
			path = DataModel;
			sourceTree = "<group>";
		};
		7491B0B1EDA6092414EB4A63 /* Frameworks */ = {
			isa = PBXGroup;
			children = (
				60DF6C57689886B599F674B9 /* Pods_ProdDashboard.framework */,
			);
			name = Frameworks;
			sourceTree = "<group>";
		};
		DD18CF1D2B573AAF00CF3F82 /* Resources */ = {
			isa = PBXGroup;
			children = (
				DD18CF212B573AD400CF3F82 /* Images */,
			);
			path = Resources;
			sourceTree = "<group>";
		};
		DD18CF1F2B573ABC00CF3F82 /* Config */ = {
			isa = PBXGroup;
			children = (
			);
			path = Config;
			sourceTree = "<group>";
		};
		DD18CF202B573ABF00CF3F82 /* Code */ = {
			isa = PBXGroup;
			children = (
				DD18CF232B573B0200CF3F82 /* Utilities */,
				DD18CF222B573AF800CF3F82 /* Features */,
			);
			path = Code;
			sourceTree = "<group>";
		};
		DD18CF212B573AD400CF3F82 /* Images */ = {
			isa = PBXGroup;
			children = (
				314D2F042B35308E008B4281 /* Assets.xcassets */,
			);
			path = Images;
			sourceTree = "<group>";
		};
		DD18CF222B573AF800CF3F82 /* Features */ = {
			isa = PBXGroup;
			children = (
				DD18CF302B573B8D00CF3F82 /* Common */,
				DD18CF2E2B573B6E00CF3F82 /* Root */,
				DD18CF252B573B3500CF3F82 /* Logo Page */,
				DD18CF262B573B3E00CF3F82 /* Login */,
				DD18CF2A2B573B4E00CF3F82 /* Task List */,
				DD18CF292B573B4B00CF3F82 /* New Task */,
				DD18CF2C2B573B5D00CF3F82 /* Calendar - Day */,
				DD18CF2B2B573B5200CF3F82 /* Calendar - Week */,
				DD18CF2D2B573B6100CF3F82 /* Calendar - Month */,
				DD18CF282B573B4800CF3F82 /* Stats */,
				DD18CF272B573B4400CF3F82 /* Settings */,
			);
			path = Features;
			sourceTree = "<group>";
		};
		DD18CF232B573B0200CF3F82 /* Utilities */ = {
			isa = PBXGroup;
			children = (
			);
			path = Utilities;
			sourceTree = "<group>";
		};
		DD18CF252B573B3500CF3F82 /* Logo Page */ = {
			isa = PBXGroup;
			children = (
				DD18CF3B2B573BDC00CF3F82 /* Screens */,
				DD18CF3A2B573BD900CF3F82 /* Actions */,
				DD18CF392B573BD700CF3F82 /* Models */,
				DD18CF382B573BD300CF3F82 /* Views */,
				DD18CF372B573BCF00CF3F82 /* ViewModels */,
			);
			path = "Logo Page";
			sourceTree = "<group>";
		};
		DD18CF262B573B3E00CF3F82 /* Login */ = {
			isa = PBXGroup;
			children = (
				DD18CF402B573BEB00CF3F82 /* Screens */,
				DD18CF3F2B573BE800CF3F82 /* Actions */,
				DD18CF3E2B573BE600CF3F82 /* Models */,
				DD18CF3D2B573BE400CF3F82 /* Views */,
				DD18CF3C2B573BE100CF3F82 /* ViewModels */,
			);
			path = Login;
			sourceTree = "<group>";
		};
		DD18CF272B573B4400CF3F82 /* Settings */ = {
			isa = PBXGroup;
			children = (
				DD18CF452B573BFB00CF3F82 /* Screens */,
				DD18CF442B573BF900CF3F82 /* Actions */,
				DD18CF432B573BF500CF3F82 /* Models */,
				DD18CF422B573BF300CF3F82 /* Views */,
				DD18CF412B573BEF00CF3F82 /* ViewModels */,
			);
			path = Settings;
			sourceTree = "<group>";
		};
		DD18CF282B573B4800CF3F82 /* Stats */ = {
			isa = PBXGroup;
			children = (
				DD18CF4A2B573C0C00CF3F82 /* Screens */,
				DD18CF492B573C0900CF3F82 /* Actions */,
				DD18CF482B573C0700CF3F82 /* Models */,
				DD18CF472B573C0500CF3F82 /* Views */,
				DD18CF462B573C0000CF3F82 /* ViewModels */,
			);
			path = Stats;
			sourceTree = "<group>";
		};
		DD18CF292B573B4B00CF3F82 /* New Task */ = {
			isa = PBXGroup;
			children = (
				DD18CF4F2B573C1A00CF3F82 /* Screens */,
				DD18CF4E2B573C1700CF3F82 /* Actions */,
				DD18CF4D2B573C1500CF3F82 /* Models */,
				DD18CF4C2B573C1300CF3F82 /* Views */,
				DD18CF4B2B573C0F00CF3F82 /* ViewModels */,
			);
			path = "New Task";
			sourceTree = "<group>";
		};
		DD18CF2A2B573B4E00CF3F82 /* Task List */ = {
			isa = PBXGroup;
			children = (
				DD18CF542B573C3400CF3F82 /* Screens */,
				DD18CF532B573C3000CF3F82 /* Actions */,
				DD18CF522B573C2C00CF3F82 /* Models */,
				DD18CF512B573C2700CF3F82 /* Views */,
				DD18CF502B573C2100CF3F82 /* ViewModels */,
			);
			path = "Task List";
			sourceTree = "<group>";
		};
		DD18CF2B2B573B5200CF3F82 /* Calendar - Week */ = {
			isa = PBXGroup;
			children = (
				DD18CF5E2B573C7400CF3F82 /* Screens */,
				DD18CF5D2B573C7100CF3F82 /* Actions */,
				DD18CF5C2B573C6E00CF3F82 /* Models */,
				DD18CF5B2B573C6B00CF3F82 /* Views */,
				DD18CF5A2B573C6900CF3F82 /* ViewModels */,
			);
			path = "Calendar - Week";
			sourceTree = "<group>";
		};
		DD18CF2C2B573B5D00CF3F82 /* Calendar - Day */ = {
			isa = PBXGroup;
			children = (
				DD18CF632B573C8200CF3F82 /* Screens */,
				DD18CF622B573C8000CF3F82 /* Actions */,
				DD18CF612B573C7C00CF3F82 /* Models */,
				DD18CF602B573C7A00CF3F82 /* Views */,
				DD18CF5F2B573C7700CF3F82 /* ViewModels */,
			);
			path = "Calendar - Day";
			sourceTree = "<group>";
		};
		DD18CF2D2B573B6100CF3F82 /* Calendar - Month */ = {
			isa = PBXGroup;
			children = (
				DD18CF592B573C6600CF3F82 /* Screens */,
				DD18CF582B573C6200CF3F82 /* Actions */,
				DD18CF572B573C6000CF3F82 /* Models */,
				DD18CF562B573C5D00CF3F82 /* Views */,
				DD18CF552B573C5A00CF3F82 /* ViewModels */,
			);
			path = "Calendar - Month";
			sourceTree = "<group>";
		};
		DD18CF2E2B573B6E00CF3F82 /* Root */ = {
			isa = PBXGroup;
			children = (
				314D2F022B35308E008B4281 /* ContentView.swift */,
				DD18CF2F2B573B7800CF3F82 /* Screens */,
				311363FA2B5E149600559799 /* Media.xcassets */,
			);
			path = Root;
			sourceTree = "<group>";
		};
		DD18CF2F2B573B7800CF3F82 /* Screens */ = {
			isa = PBXGroup;
			children = (
			);
			path = Screens;
			sourceTree = "<group>";
		};
		DD18CF302B573B8D00CF3F82 /* Common */ = {
			isa = PBXGroup;
			children = (
				DD18CF362B573BA600CF3F82 /* ViewModels */,
				DD18CF352B573BA300CF3F82 /* Views */,
				DD18CF342B573B9F00CF3F82 /* Screens */,
				DD18CF332B573B9B00CF3F82 /* Models */,
				DD18CF322B573B9900CF3F82 /* Actions */,
				DD18CF312B573B9400CF3F82 /* ViewModifiers */,
			);
			path = Common;
			sourceTree = "<group>";
		};
		DD18CF312B573B9400CF3F82 /* ViewModifiers */ = {
			isa = PBXGroup;
			children = (
				311363F82B5E104900559799 /* extensions.swift */,
			);
			path = ViewModifiers;
			sourceTree = "<group>";
		};
		DD18CF322B573B9900CF3F82 /* Actions */ = {
			isa = PBXGroup;
			children = (
			);
			path = Actions;
			sourceTree = "<group>";
		};
		DD18CF332B573B9B00CF3F82 /* Models */ = {
			isa = PBXGroup;
			children = (
				31CCD6D42B5C58210001616D /* DataModel */,
			);
			path = Models;
			sourceTree = "<group>";
		};
		DD18CF342B573B9F00CF3F82 /* Screens */ = {
			isa = PBXGroup;
			children = (
			);
			path = Screens;
			sourceTree = "<group>";
		};
		DD18CF352B573BA300CF3F82 /* Views */ = {
			isa = PBXGroup;
			children = (
			);
			path = Views;
			sourceTree = "<group>";
		};
		DD18CF362B573BA600CF3F82 /* ViewModels */ = {
			isa = PBXGroup;
			children = (
			);
			path = ViewModels;
			sourceTree = "<group>";
		};
		DD18CF372B573BCF00CF3F82 /* ViewModels */ = {
			isa = PBXGroup;
			children = (
			);
			path = ViewModels;
			sourceTree = "<group>";
		};
		DD18CF382B573BD300CF3F82 /* Views */ = {
			isa = PBXGroup;
			children = (
			);
			path = Views;
			sourceTree = "<group>";
		};
		DD18CF392B573BD700CF3F82 /* Models */ = {
			isa = PBXGroup;
			children = (
			);
			path = Models;
			sourceTree = "<group>";
		};
		DD18CF3A2B573BD900CF3F82 /* Actions */ = {
			isa = PBXGroup;
			children = (
			);
			path = Actions;
			sourceTree = "<group>";
		};
		DD18CF3B2B573BDC00CF3F82 /* Screens */ = {
			isa = PBXGroup;
			children = (
			);
			path = Screens;
			sourceTree = "<group>";
		};
		DD18CF3C2B573BE100CF3F82 /* ViewModels */ = {
			isa = PBXGroup;
			children = (
			);
			path = ViewModels;
			sourceTree = "<group>";
		};
		DD18CF3D2B573BE400CF3F82 /* Views */ = {
			isa = PBXGroup;
			children = (
				31CCD6FF2B5C932D0001616D /* LoginView.swift */,
			);
			path = Views;
			sourceTree = "<group>";
		};
		DD18CF3E2B573BE600CF3F82 /* Models */ = {
			isa = PBXGroup;
			children = (
			);
			path = Models;
			sourceTree = "<group>";
		};
		DD18CF3F2B573BE800CF3F82 /* Actions */ = {
			isa = PBXGroup;
			children = (
			);
			path = Actions;
			sourceTree = "<group>";
		};
		DD18CF402B573BEB00CF3F82 /* Screens */ = {
			isa = PBXGroup;
			children = (
			);
			path = Screens;
			sourceTree = "<group>";
		};
		DD18CF412B573BEF00CF3F82 /* ViewModels */ = {
			isa = PBXGroup;
			children = (
			);
			path = ViewModels;
			sourceTree = "<group>";
		};
		DD18CF422B573BF300CF3F82 /* Views */ = {
			isa = PBXGroup;
			children = (
				682113CF2B70268A002EC834 /* SettingsView.swift */,
			);
			path = Views;
			sourceTree = "<group>";
		};
		DD18CF432B573BF500CF3F82 /* Models */ = {
			isa = PBXGroup;
			children = (
			);
			path = Models;
			sourceTree = "<group>";
		};
		DD18CF442B573BF900CF3F82 /* Actions */ = {
			isa = PBXGroup;
			children = (
			);
			path = Actions;
			sourceTree = "<group>";
		};
		DD18CF452B573BFB00CF3F82 /* Screens */ = {
			isa = PBXGroup;
			children = (
			);
			path = Screens;
			sourceTree = "<group>";
		};
		DD18CF462B573C0000CF3F82 /* ViewModels */ = {
			isa = PBXGroup;
			children = (
			);
			path = ViewModels;
			sourceTree = "<group>";
		};
		DD18CF472B573C0500CF3F82 /* Views */ = {
			isa = PBXGroup;
			children = (
			);
			path = Views;
			sourceTree = "<group>";
		};
		DD18CF482B573C0700CF3F82 /* Models */ = {
			isa = PBXGroup;
			children = (
			);
			path = Models;
			sourceTree = "<group>";
		};
		DD18CF492B573C0900CF3F82 /* Actions */ = {
			isa = PBXGroup;
			children = (
			);
			path = Actions;
			sourceTree = "<group>";
		};
		DD18CF4A2B573C0C00CF3F82 /* Screens */ = {
			isa = PBXGroup;
			children = (
			);
			path = Screens;
			sourceTree = "<group>";
		};
		DD18CF4B2B573C0F00CF3F82 /* ViewModels */ = {
			isa = PBXGroup;
			children = (
			);
			path = ViewModels;
			sourceTree = "<group>";
		};
		DD18CF4C2B573C1300CF3F82 /* Views */ = {
			isa = PBXGroup;
			children = (
				31CCD7032B5C95C00001616D /* AddTaskView.swift */,
			);
			path = Views;
			sourceTree = "<group>";
		};
		DD18CF4D2B573C1500CF3F82 /* Models */ = {
			isa = PBXGroup;
			children = (
			);
			path = Models;
			sourceTree = "<group>";
		};
		DD18CF4E2B573C1700CF3F82 /* Actions */ = {
			isa = PBXGroup;
			children = (
			);
			path = Actions;
			sourceTree = "<group>";
		};
		DD18CF4F2B573C1A00CF3F82 /* Screens */ = {
			isa = PBXGroup;
			children = (
			);
			path = Screens;
			sourceTree = "<group>";
		};
		DD18CF502B573C2100CF3F82 /* ViewModels */ = {
			isa = PBXGroup;
			children = (
			);
			path = ViewModels;
			sourceTree = "<group>";
		};
		DD18CF512B573C2700CF3F82 /* Views */ = {
			isa = PBXGroup;
			children = (
				31CCD7012B5C94920001616D /* EditTaskView.swift */,
			);
			path = Views;
			sourceTree = "<group>";
		};
		DD18CF522B573C2C00CF3F82 /* Models */ = {
			isa = PBXGroup;
			children = (
			);
			path = Models;
			sourceTree = "<group>";
		};
		DD18CF532B573C3000CF3F82 /* Actions */ = {
			isa = PBXGroup;
			children = (
			);
			path = Actions;
			sourceTree = "<group>";
		};
		DD18CF542B573C3400CF3F82 /* Screens */ = {
			isa = PBXGroup;
			children = (
			);
			path = Screens;
			sourceTree = "<group>";
		};
		DD18CF552B573C5A00CF3F82 /* ViewModels */ = {
			isa = PBXGroup;
			children = (
			);
			path = ViewModels;
			sourceTree = "<group>";
		};
		DD18CF562B573C5D00CF3F82 /* Views */ = {
			isa = PBXGroup;
			children = (
				55B42F482B72B3EE007C3334 /* MonthStruct.swift */,
				55B42F462B72B3E6007C3334 /* Dateholder.swift */,
				55B42F422B72B3A9007C3334 /* CalendarCell.swift */,
				55B42F432B72B3A9007C3334 /* CalendarHelper.swift */,
				55B42F402B72B372007C3334 /* DateScrollerView.swift */,
			);
			path = Views;
			sourceTree = "<group>";
		};
		DD18CF572B573C6000CF3F82 /* Models */ = {
			isa = PBXGroup;
			children = (
			);
			path = Models;
			sourceTree = "<group>";
		};
		DD18CF582B573C6200CF3F82 /* Actions */ = {
			isa = PBXGroup;
			children = (
			);
			path = Actions;
			sourceTree = "<group>";
		};
		DD18CF592B573C6600CF3F82 /* Screens */ = {
			isa = PBXGroup;
			children = (
			);
			path = Screens;
			sourceTree = "<group>";
		};
		DD18CF5A2B573C6900CF3F82 /* ViewModels */ = {
			isa = PBXGroup;
			children = (
			);
			path = ViewModels;
			sourceTree = "<group>";
		};
		DD18CF5B2B573C6B00CF3F82 /* Views */ = {
			isa = PBXGroup;
			children = (
			);
			path = Views;
			sourceTree = "<group>";
		};
		DD18CF5C2B573C6E00CF3F82 /* Models */ = {
			isa = PBXGroup;
			children = (
			);
			path = Models;
			sourceTree = "<group>";
		};
		DD18CF5D2B573C7100CF3F82 /* Actions */ = {
			isa = PBXGroup;
			children = (
			);
			path = Actions;
			sourceTree = "<group>";
		};
		DD18CF5E2B573C7400CF3F82 /* Screens */ = {
			isa = PBXGroup;
			children = (
			);
			path = Screens;
			sourceTree = "<group>";
		};
		DD18CF5F2B573C7700CF3F82 /* ViewModels */ = {
			isa = PBXGroup;
			children = (
			);
			path = ViewModels;
			sourceTree = "<group>";
		};
		DD18CF602B573C7A00CF3F82 /* Views */ = {
			isa = PBXGroup;
			children = (
				55E15D5F2B7467CC00C05363 /* DayView.swift */,
			);
			path = Views;
			sourceTree = "<group>";
		};
		DD18CF612B573C7C00CF3F82 /* Models */ = {
			isa = PBXGroup;
			children = (
			);
			path = Models;
			sourceTree = "<group>";
		};
		DD18CF622B573C8000CF3F82 /* Actions */ = {
			isa = PBXGroup;
			children = (
			);
			path = Actions;
			sourceTree = "<group>";
		};
		DD18CF632B573C8200CF3F82 /* Screens */ = {
			isa = PBXGroup;
			children = (
			);
			path = Screens;
			sourceTree = "<group>";
		};
/* End PBXGroup section */

/* Begin PBXNativeTarget section */
		314D2EFC2B35308E008B4281 /* ProdDashboard */ = {
			isa = PBXNativeTarget;
			buildConfigurationList = 314D2F0B2B35308E008B4281 /* Build configuration list for PBXNativeTarget "ProdDashboard" */;
			buildPhases = (
				AF6F6D3A27E7A4B30D9136AB /* [CP] Check Pods Manifest.lock */,
				314D2EF92B35308E008B4281 /* Sources */,
				314D2EFA2B35308E008B4281 /* Frameworks */,
				314D2EFB2B35308E008B4281 /* Resources */,
				314D2F0E2B3530EF008B4281 /* SwiftLint */,
			);
			buildRules = (
			);
			dependencies = (
			);
			name = ProdDashboard;
			productName = ProdDashboard;
			productReference = 314D2EFD2B35308E008B4281 /* ProdDashboard.app */;
			productType = "com.apple.product-type.application";
		};
/* End PBXNativeTarget section */

/* Begin PBXProject section */
		314D2EF52B35308E008B4281 /* Project object */ = {
			isa = PBXProject;
			attributes = {
				BuildIndependentTargetsInParallel = 1;
				LastSwiftUpdateCheck = 1510;
				LastUpgradeCheck = 1510;
				TargetAttributes = {
					314D2EFC2B35308E008B4281 = {
						CreatedOnToolsVersion = 15.1;
					};
				};
			};
			buildConfigurationList = 314D2EF82B35308E008B4281 /* Build configuration list for PBXProject "ProdDashboard" */;
			compatibilityVersion = "Xcode 14.0";
			developmentRegion = en;
			hasScannedForEncodings = 0;
			knownRegions = (
				en,
				Base,
				es,
			);
			mainGroup = 314D2EF42B35308E008B4281;
			productRefGroup = 314D2EFE2B35308E008B4281 /* Products */;
			projectDirPath = "";
			projectRoot = "";
			targets = (
				314D2EFC2B35308E008B4281 /* ProdDashboard */,
			);
		};
/* End PBXProject section */

/* Begin PBXResourcesBuildPhase section */
		314D2EFB2B35308E008B4281 /* Resources */ = {
			isa = PBXResourcesBuildPhase;
			buildActionMask = 2147483647;
			files = (
				311363FB2B5E149600559799 /* Media.xcassets in Resources */,
				314D2F102B353308008B4281 /* .swiftlint.yml in Resources */,
				314D2F152B353470008B4281 /* Localizable.strings in Resources */,
				314D2F082B35308E008B4281 /* Preview Assets.xcassets in Resources */,
				314D2F052B35308E008B4281 /* Assets.xcassets in Resources */,
			);
			runOnlyForDeploymentPostprocessing = 0;
		};
/* End PBXResourcesBuildPhase section */

/* Begin PBXShellScriptBuildPhase section */
		314D2F0E2B3530EF008B4281 /* SwiftLint */ = {
			isa = PBXShellScriptBuildPhase;
			buildActionMask = 2147483647;
			files = (
			);
			inputFileListPaths = (
			);
			inputPaths = (
			);
			name = SwiftLint;
			outputFileListPaths = (
			);
			outputPaths = (
			);
			runOnlyForDeploymentPostprocessing = 0;
			shellPath = /bin/sh;
			shellScript = "\"${PODS_ROOT}/SwiftLint/swiftlint\"\n";
		};
		AF6F6D3A27E7A4B30D9136AB /* [CP] Check Pods Manifest.lock */ = {
			isa = PBXShellScriptBuildPhase;
			buildActionMask = 2147483647;
			files = (
			);
			inputFileListPaths = (
			);
			inputPaths = (
				"${PODS_PODFILE_DIR_PATH}/Podfile.lock",
				"${PODS_ROOT}/Manifest.lock",
			);
			name = "[CP] Check Pods Manifest.lock";
			outputFileListPaths = (
			);
			outputPaths = (
				"$(DERIVED_FILE_DIR)/Pods-ProdDashboard-checkManifestLockResult.txt",
			);
			runOnlyForDeploymentPostprocessing = 0;
			shellPath = /bin/sh;
			shellScript = "diff \"${PODS_PODFILE_DIR_PATH}/Podfile.lock\" \"${PODS_ROOT}/Manifest.lock\" > /dev/null\nif [ $? != 0 ] ; then\n    # print error to STDERR\n    echo \"error: The sandbox is not in sync with the Podfile.lock. Run 'pod install' or update your CocoaPods installation.\" >&2\n    exit 1\nfi\n# This output is used by Xcode 'outputs' to avoid re-running this script phase.\necho \"SUCCESS\" > \"${SCRIPT_OUTPUT_FILE_0}\"\n";
			showEnvVarsInLog = 0;
		};
/* End PBXShellScriptBuildPhase section */

/* Begin PBXSourcesBuildPhase section */
		314D2EF92B35308E008B4281 /* Sources */ = {
			isa = PBXSourcesBuildPhase;
			buildActionMask = 2147483647;
			files = (
				314D2F032B35308E008B4281 /* ContentView.swift in Sources */,
				55E15D602B7467CC00C05363 /* DayView.swift in Sources */,
				55B42F452B72B3A9007C3334 /* CalendarHelper.swift in Sources */,
				31CCD7042B5C95C00001616D /* AddTaskView.swift in Sources */,
				55B42F472B72B3E7007C3334 /* Dateholder.swift in Sources */,
				31CCD6D92B5C5CD80001616D /* DataController.swift in Sources */,
				682113D02B70268A002EC834 /* SettingsView.swift in Sources */,
				311363F92B5E104900559799 /* extensions.swift in Sources */,
				314D2F012B35308E008B4281 /* ProdDashboardApp.swift in Sources */,
				55B42F442B72B3A9007C3334 /* CalendarCell.swift in Sources */,
				55B42F492B72B3EE007C3334 /* MonthStruct.swift in Sources */,
				55B42F412B72B373007C3334 /* DateScrollerView.swift in Sources */,
				31CCD7022B5C94920001616D /* EditTaskView.swift in Sources */,
				31CCD7002B5C932D0001616D /* LoginView.swift in Sources */,
				31CCD6D72B5C58420001616D /* TaskModel.xcdatamodeld in Sources */,
			);
			runOnlyForDeploymentPostprocessing = 0;
		};
/* End PBXSourcesBuildPhase section */

/* Begin PBXVariantGroup section */
		314D2F172B353470008B4281 /* Localizable.strings */ = {
			isa = PBXVariantGroup;
			children = (
				314D2F162B353470008B4281 /* en */,
				314D2F182B35349B008B4281 /* es */,
			);
			name = Localizable.strings;
			sourceTree = "<group>";
		};
/* End PBXVariantGroup section */

/* Begin XCBuildConfiguration section */
		314D2F092B35308E008B4281 /* Debug */ = {
			isa = XCBuildConfiguration;
			buildSettings = {
				ALWAYS_SEARCH_USER_PATHS = NO;
				ASSETCATALOG_COMPILER_GENERATE_SWIFT_ASSET_SYMBOL_EXTENSIONS = YES;
				CLANG_ANALYZER_LOCALIZABILITY_NONLOCALIZED = YES;
				CLANG_ANALYZER_NONNULL = YES;
				CLANG_ANALYZER_NUMBER_OBJECT_CONVERSION = YES_AGGRESSIVE;
				CLANG_CXX_LANGUAGE_STANDARD = "gnu++20";
				CLANG_ENABLE_MODULES = YES;
				CLANG_ENABLE_OBJC_ARC = YES;
				CLANG_ENABLE_OBJC_WEAK = YES;
				CLANG_WARN_BLOCK_CAPTURE_AUTORELEASING = YES;
				CLANG_WARN_BOOL_CONVERSION = YES;
				CLANG_WARN_COMMA = YES;
				CLANG_WARN_CONSTANT_CONVERSION = YES;
				CLANG_WARN_DEPRECATED_OBJC_IMPLEMENTATIONS = YES;
				CLANG_WARN_DIRECT_OBJC_ISA_USAGE = YES_ERROR;
				CLANG_WARN_DOCUMENTATION_COMMENTS = YES;
				CLANG_WARN_EMPTY_BODY = YES;
				CLANG_WARN_ENUM_CONVERSION = YES;
				CLANG_WARN_INFINITE_RECURSION = YES;
				CLANG_WARN_INT_CONVERSION = YES;
				CLANG_WARN_NON_LITERAL_NULL_CONVERSION = YES;
				CLANG_WARN_OBJC_IMPLICIT_RETAIN_SELF = YES;
				CLANG_WARN_OBJC_LITERAL_CONVERSION = YES;
				CLANG_WARN_OBJC_ROOT_CLASS = YES_ERROR;
				CLANG_WARN_QUOTED_INCLUDE_IN_FRAMEWORK_HEADER = YES;
				CLANG_WARN_RANGE_LOOP_ANALYSIS = YES;
				CLANG_WARN_STRICT_PROTOTYPES = YES;
				CLANG_WARN_SUSPICIOUS_MOVE = YES;
				CLANG_WARN_UNGUARDED_AVAILABILITY = YES_AGGRESSIVE;
				CLANG_WARN_UNREACHABLE_CODE = YES;
				CLANG_WARN__DUPLICATE_METHOD_MATCH = YES;
				COPY_PHASE_STRIP = NO;
				DEBUG_INFORMATION_FORMAT = dwarf;
				ENABLE_STRICT_OBJC_MSGSEND = YES;
				ENABLE_TESTABILITY = YES;
				ENABLE_USER_SCRIPT_SANDBOXING = YES;
				GCC_C_LANGUAGE_STANDARD = gnu17;
				GCC_DYNAMIC_NO_PIC = NO;
				GCC_NO_COMMON_BLOCKS = YES;
				GCC_OPTIMIZATION_LEVEL = 0;
				GCC_PREPROCESSOR_DEFINITIONS = (
					"DEBUG=1",
					"$(inherited)",
				);
				GCC_WARN_64_TO_32_BIT_CONVERSION = YES;
				GCC_WARN_ABOUT_RETURN_TYPE = YES_ERROR;
				GCC_WARN_UNDECLARED_SELECTOR = YES;
				GCC_WARN_UNINITIALIZED_AUTOS = YES_AGGRESSIVE;
				GCC_WARN_UNUSED_FUNCTION = YES;
				GCC_WARN_UNUSED_VARIABLE = YES;
				IPHONEOS_DEPLOYMENT_TARGET = 17.2;
				LOCALIZATION_PREFERS_STRING_CATALOGS = YES;
				MTL_ENABLE_DEBUG_INFO = INCLUDE_SOURCE;
				MTL_FAST_MATH = YES;
				ONLY_ACTIVE_ARCH = YES;
				SDKROOT = iphoneos;
				SWIFT_ACTIVE_COMPILATION_CONDITIONS = "DEBUG $(inherited)";
				SWIFT_OPTIMIZATION_LEVEL = "-Onone";
			};
			name = Debug;
		};
		314D2F0A2B35308E008B4281 /* Release */ = {
			isa = XCBuildConfiguration;
			buildSettings = {
				ALWAYS_SEARCH_USER_PATHS = NO;
				ASSETCATALOG_COMPILER_GENERATE_SWIFT_ASSET_SYMBOL_EXTENSIONS = YES;
				CLANG_ANALYZER_LOCALIZABILITY_NONLOCALIZED = YES;
				CLANG_ANALYZER_NONNULL = YES;
				CLANG_ANALYZER_NUMBER_OBJECT_CONVERSION = YES_AGGRESSIVE;
				CLANG_CXX_LANGUAGE_STANDARD = "gnu++20";
				CLANG_ENABLE_MODULES = YES;
				CLANG_ENABLE_OBJC_ARC = YES;
				CLANG_ENABLE_OBJC_WEAK = YES;
				CLANG_WARN_BLOCK_CAPTURE_AUTORELEASING = YES;
				CLANG_WARN_BOOL_CONVERSION = YES;
				CLANG_WARN_COMMA = YES;
				CLANG_WARN_CONSTANT_CONVERSION = YES;
				CLANG_WARN_DEPRECATED_OBJC_IMPLEMENTATIONS = YES;
				CLANG_WARN_DIRECT_OBJC_ISA_USAGE = YES_ERROR;
				CLANG_WARN_DOCUMENTATION_COMMENTS = YES;
				CLANG_WARN_EMPTY_BODY = YES;
				CLANG_WARN_ENUM_CONVERSION = YES;
				CLANG_WARN_INFINITE_RECURSION = YES;
				CLANG_WARN_INT_CONVERSION = YES;
				CLANG_WARN_NON_LITERAL_NULL_CONVERSION = YES;
				CLANG_WARN_OBJC_IMPLICIT_RETAIN_SELF = YES;
				CLANG_WARN_OBJC_LITERAL_CONVERSION = YES;
				CLANG_WARN_OBJC_ROOT_CLASS = YES_ERROR;
				CLANG_WARN_QUOTED_INCLUDE_IN_FRAMEWORK_HEADER = YES;
				CLANG_WARN_RANGE_LOOP_ANALYSIS = YES;
				CLANG_WARN_STRICT_PROTOTYPES = YES;
				CLANG_WARN_SUSPICIOUS_MOVE = YES;
				CLANG_WARN_UNGUARDED_AVAILABILITY = YES_AGGRESSIVE;
				CLANG_WARN_UNREACHABLE_CODE = YES;
				CLANG_WARN__DUPLICATE_METHOD_MATCH = YES;
				COPY_PHASE_STRIP = NO;
				DEBUG_INFORMATION_FORMAT = "dwarf-with-dsym";
				ENABLE_NS_ASSERTIONS = NO;
				ENABLE_STRICT_OBJC_MSGSEND = YES;
				ENABLE_USER_SCRIPT_SANDBOXING = YES;
				GCC_C_LANGUAGE_STANDARD = gnu17;
				GCC_NO_COMMON_BLOCKS = YES;
				GCC_WARN_64_TO_32_BIT_CONVERSION = YES;
				GCC_WARN_ABOUT_RETURN_TYPE = YES_ERROR;
				GCC_WARN_UNDECLARED_SELECTOR = YES;
				GCC_WARN_UNINITIALIZED_AUTOS = YES_AGGRESSIVE;
				GCC_WARN_UNUSED_FUNCTION = YES;
				GCC_WARN_UNUSED_VARIABLE = YES;
				IPHONEOS_DEPLOYMENT_TARGET = 17.2;
				LOCALIZATION_PREFERS_STRING_CATALOGS = YES;
				MTL_ENABLE_DEBUG_INFO = NO;
				MTL_FAST_MATH = YES;
				SDKROOT = iphoneos;
				SWIFT_COMPILATION_MODE = wholemodule;
				VALIDATE_PRODUCT = YES;
			};
			name = Release;
		};
		314D2F0C2B35308E008B4281 /* Debug */ = {
			isa = XCBuildConfiguration;
			baseConfigurationReference = C5A91E2B2AB39743184B0F8E /* Pods-ProdDashboard.debug.xcconfig */;
			buildSettings = {
				ASSETCATALOG_COMPILER_APPICON_NAME = AppIcon;
				ASSETCATALOG_COMPILER_GLOBAL_ACCENT_COLOR_NAME = AccentColor;
				CODE_SIGN_STYLE = Automatic;
				CURRENT_PROJECT_VERSION = 1;
				DEVELOPMENT_ASSET_PATHS = "\"ProdDashboard/Preview Content\"";
				ENABLE_PREVIEWS = YES;
				ENABLE_USER_SCRIPT_SANDBOXING = NO;
				GENERATE_INFOPLIST_FILE = YES;
				INFOPLIST_KEY_UIApplicationSceneManifest_Generation = YES;
				INFOPLIST_KEY_UIApplicationSupportsIndirectInputEvents = YES;
				INFOPLIST_KEY_UILaunchScreen_Generation = YES;
				INFOPLIST_KEY_UISupportedInterfaceOrientations_iPad = "UIInterfaceOrientationPortrait UIInterfaceOrientationPortraitUpsideDown UIInterfaceOrientationLandscapeLeft UIInterfaceOrientationLandscapeRight";
				INFOPLIST_KEY_UISupportedInterfaceOrientations_iPhone = "UIInterfaceOrientationPortrait UIInterfaceOrientationLandscapeLeft UIInterfaceOrientationLandscapeRight";
				IPHONEOS_DEPLOYMENT_TARGET = 16.1;
				LD_RUNPATH_SEARCH_PATHS = (
					"$(inherited)",
					"@executable_path/Frameworks",
				);
				MARKETING_VERSION = 1.0;
				PRODUCT_BUNDLE_IDENTIFIER = christopolydorou.ProdDashboard;
				PRODUCT_NAME = "$(TARGET_NAME)";
				SWIFT_EMIT_LOC_STRINGS = YES;
				SWIFT_VERSION = 5.0;
				TARGETED_DEVICE_FAMILY = "1,2";
			};
			name = Debug;
		};
		314D2F0D2B35308E008B4281 /* Release */ = {
			isa = XCBuildConfiguration;
			baseConfigurationReference = B720F694C42BE6ED43A379D0 /* Pods-ProdDashboard.release.xcconfig */;
			buildSettings = {
				ASSETCATALOG_COMPILER_APPICON_NAME = AppIcon;
				ASSETCATALOG_COMPILER_GLOBAL_ACCENT_COLOR_NAME = AccentColor;
				CODE_SIGN_STYLE = Automatic;
				CURRENT_PROJECT_VERSION = 1;
				DEVELOPMENT_ASSET_PATHS = "\"ProdDashboard/Preview Content\"";
				ENABLE_PREVIEWS = YES;
				ENABLE_USER_SCRIPT_SANDBOXING = NO;
				GENERATE_INFOPLIST_FILE = YES;
				INFOPLIST_KEY_UIApplicationSceneManifest_Generation = YES;
				INFOPLIST_KEY_UIApplicationSupportsIndirectInputEvents = YES;
				INFOPLIST_KEY_UILaunchScreen_Generation = YES;
				INFOPLIST_KEY_UISupportedInterfaceOrientations_iPad = "UIInterfaceOrientationPortrait UIInterfaceOrientationPortraitUpsideDown UIInterfaceOrientationLandscapeLeft UIInterfaceOrientationLandscapeRight";
				INFOPLIST_KEY_UISupportedInterfaceOrientations_iPhone = "UIInterfaceOrientationPortrait UIInterfaceOrientationLandscapeLeft UIInterfaceOrientationLandscapeRight";
				IPHONEOS_DEPLOYMENT_TARGET = 16.1;
				LD_RUNPATH_SEARCH_PATHS = (
					"$(inherited)",
					"@executable_path/Frameworks",
				);
				MARKETING_VERSION = 1.0;
				PRODUCT_BUNDLE_IDENTIFIER = christopolydorou.ProdDashboard;
				PRODUCT_NAME = "$(TARGET_NAME)";
				SWIFT_EMIT_LOC_STRINGS = YES;
				SWIFT_VERSION = 5.0;
				TARGETED_DEVICE_FAMILY = "1,2";
			};
			name = Release;
		};
/* End XCBuildConfiguration section */

/* Begin XCConfigurationList section */
		314D2EF82B35308E008B4281 /* Build configuration list for PBXProject "ProdDashboard" */ = {
			isa = XCConfigurationList;
			buildConfigurations = (
				314D2F092B35308E008B4281 /* Debug */,
				314D2F0A2B35308E008B4281 /* Release */,
			);
			defaultConfigurationIsVisible = 0;
			defaultConfigurationName = Release;
		};
		314D2F0B2B35308E008B4281 /* Build configuration list for PBXNativeTarget "ProdDashboard" */ = {
			isa = XCConfigurationList;
			buildConfigurations = (
				314D2F0C2B35308E008B4281 /* Debug */,
				314D2F0D2B35308E008B4281 /* Release */,
			);
			defaultConfigurationIsVisible = 0;
			defaultConfigurationName = Release;
		};
/* End XCConfigurationList section */

/* Begin XCVersionGroup section */
		31CCD6D52B5C58420001616D /* TaskModel.xcdatamodeld */ = {
			isa = XCVersionGroup;
			children = (
				31CCD6D62B5C58420001616D /* TaskModel.xcdatamodel */,
			);
			currentVersion = 31CCD6D62B5C58420001616D /* TaskModel.xcdatamodel */;
			path = TaskModel.xcdatamodeld;
			sourceTree = "<group>";
			versionGroupType = wrapper.xcdatamodel;
		};
/* End XCVersionGroup section */
	};
	rootObject = 314D2EF52B35308E008B4281 /* Project object */;
}
